Microsoft Visual Studio Solution File, Format Version 12.00
# Visual Studio Version 17
VisualStudioVersion = 17.2.32516.85
MinimumVisualStudioVersion = 10.0.40219.1
Project("{9A19103F-16F7-4668-BE54-9A1E7A4F7556}") = "sharedUnsafe", "sharedUnsafe\sharedUnsafe.csproj", "{C55CCC4D-66CC-4DE9-8E30-B04F62C6BB14}"
EndProject
Project("{9A19103F-16F7-4668-BE54-9A1E7A4F7556}") = "desktop", "..\sunamo\desktop\desktop.csproj", "{772CACC2-80F3-4948-A443-3043195836E2}"
EndProject
Project("{9A19103F-16F7-4668-BE54-9A1E7A4F7556}") = "shared", "..\sunamo\shared\shared.csproj", "{77719C0D-7C8B-4B9E-A644-AEE7CEB35134}"
EndProject
Project("{9A19103F-16F7-4668-BE54-9A1E7A4F7556}") = "sunamo", "..\sunamo\sunamo\sunamo.csproj", "{F6F92307-B0B3-4D6C-BD9C-8B5FF5560DCF}"
EndProject
Project("{9A19103F-16F7-4668-BE54-9A1E7A4F7556}") = "Xlf", "..\sunamo\Xlf\Xlf.csproj", "{00B76D22-B82F-43FD-AC48-4B1F56E6910F}"
EndProject
Project("{9A19103F-16F7-4668-BE54-9A1E7A4F7556}") = "sunamoUnsafe", "sunamoUnsafe\sunamoUnsafe.csproj", "{56C09DE7-E23D-4589-968A-5F1E790442E6}"
EndProject
Project("{9A19103F-16F7-4668-BE54-9A1E7A4F7556}") = "desktopUnsafe", "desktopUnsafe\desktopUnsafe.csproj", "{F0685F20-7242-4D30-A857-3950B19D0689}"
EndProject
Project("{9A19103F-16F7-4668-BE54-9A1E7A4F7556}") = "SearchTextBox", "..\sunamo.notmine\SearchTextBox\SearchTextBox.csproj", "{0594A06D-D9FD-4F40-A70A-7EB050039C60}"
EndProject
Project("{9A19103F-16F7-4668-BE54-9A1E7A4F7556}") = "SunamoJson", "..\sunamoWithoutDep\SunamoJson\SunamoJson.csproj", "{F746209A-F7F3-43B6-B644-8E36BA287E8C}"
EndProject
Project("{9A19103F-16F7-4668-BE54-9A1E7A4F7556}") = "duo", "..\sunamo\duo\duo.csproj", "{D4C45A56-F726-4B63-B94B-4172AC65F358}"
EndProject
Project("{9A19103F-16F7-4668-BE54-9A1E7A4F7556}") = "SunamoMail", "..\sunamo\SunamoMail\SunamoMail.csproj", "{6576EA69-6270-483C-95E6-F26FB8242DD6}"
EndProject
Project("{9A19103F-16F7-4668-BE54-9A1E7A4F7556}") = "win", "..\sunamo\win\win.csproj", "{B0645987-459C-445B-A5B3-9092F798FD75}"
EndProject
Project("{9A19103F-16F7-4668-BE54-9A1E7A4F7556}") = "SunamoExceptions", "..\sunamoWithoutDep\SunamoExceptions\SunamoExceptions.csproj", "{A6800AD7-53FE-442B-B428-DA0E59EF4EE3}"
EndProject
Project("{9A19103F-16F7-4668-BE54-9A1E7A4F7556}") = "Resources", "..\sunamo\Resources\Resources.csproj", "{3204432D-B6E7-4481-BEB0-8B177AF809C2}"
EndProject
Project("{9A19103F-16F7-4668-BE54-9A1E7A4F7556}") = "WinSec", "..\CredentialsWithoutDep\WinSec\WinSec.csproj", "{1BE95B82-BE12-489D-9CDC-0278364FCB88}"
EndProject
Project("{9A19103F-16F7-4668-BE54-9A1E7A4F7556}") = "fmdev.ResX", "..\sunamo.notmine\fmdev.ResX\fmdev.ResX.csproj", "{F5F6EB14-2113-42B3-94E3-892E66BC0954}"
EndProject
Project("{9A19103F-16F7-4668-BE54-9A1E7A4F7556}") = "XliffParser", "..\sunamo.notmine\XliffParser\XliffParser.csproj", "{F3F7FD73-64F8-417A-89AC-53905E0E0AA0}"
EndProject
Project("{9A19103F-16F7-4668-BE54-9A1E7A4F7556}") = "extensions", "..\sunamo\extensions\extensions.csproj", "{1809AF97-F67C-44A4-A408-4AB58F445A84}"
EndProject
Project("{9A19103F-16F7-4668-BE54-9A1E7A4F7556}") = "SunamoDebugging", "..\sunamoWithoutDep\SunamoDebugging\SunamoDebugging.csproj", "{661A6D2D-7FB3-463F-AFCC-AFF1EAB3F173}"
EndProject
Global
	GlobalSection(SolutionConfigurationPlatforms) = preSolution
		Debug|Any CPU = Debug|Any CPU
		Release|Any CPU = Release|Any CPU
	EndGlobalSection
	GlobalSection(ProjectConfigurationPlatforms) = postSolution
		{C55CCC4D-66CC-4DE9-8E30-B04F62C6BB14}.Debug|Any CPU.ActiveCfg = Debug|Any CPU
		{C55CCC4D-66CC-4DE9-8E30-B04F62C6BB14}.Debug|Any CPU.Build.0 = Debug|Any CPU
		{C55CCC4D-66CC-4DE9-8E30-B04F62C6BB14}.Release|Any CPU.ActiveCfg = Release|Any CPU
		{C55CCC4D-66CC-4DE9-8E30-B04F62C6BB14}.Release|Any CPU.Build.0 = Release|Any CPU
		{772CACC2-80F3-4948-A443-3043195836E2}.Debug|Any CPU.ActiveCfg = Debug|Any CPU
		{772CACC2-80F3-4948-A443-3043195836E2}.Debug|Any CPU.Build.0 = Debug|Any CPU
		{772CACC2-80F3-4948-A443-3043195836E2}.Release|Any CPU.ActiveCfg = Release|Any CPU
		{772CACC2-80F3-4948-A443-3043195836E2}.Release|Any CPU.Build.0 = Release|Any CPU
		{77719C0D-7C8B-4B9E-A644-AEE7CEB35134}.Debug|Any CPU.ActiveCfg = Debug|Any CPU
		{77719C0D-7C8B-4B9E-A644-AEE7CEB35134}.Debug|Any CPU.Build.0 = Debug|Any CPU
		{77719C0D-7C8B-4B9E-A644-AEE7CEB35134}.Release|Any CPU.ActiveCfg = Release|Any CPU
		{77719C0D-7C8B-4B9E-A644-AEE7CEB35134}.Release|Any CPU.Build.0 = Release|Any CPU
		{F6F92307-B0B3-4D6C-BD9C-8B5FF5560DCF}.Debug|Any CPU.ActiveCfg = Debug|Any CPU
		{F6F92307-B0B3-4D6C-BD9C-8B5FF5560DCF}.Debug|Any CPU.Build.0 = Debug|Any CPU
		{F6F92307-B0B3-4D6C-BD9C-8B5FF5560DCF}.Release|Any CPU.ActiveCfg = Release|Any CPU
		{F6F92307-B0B3-4D6C-BD9C-8B5FF5560DCF}.Release|Any CPU.Build.0 = Release|Any CPU
		{00B76D22-B82F-43FD-AC48-4B1F56E6910F}.Debug|Any CPU.ActiveCfg = Debug|Any CPU
		{00B76D22-B82F-43FD-AC48-4B1F56E6910F}.Debug|Any CPU.Build.0 = Debug|Any CPU
		{00B76D22-B82F-43FD-AC48-4B1F56E6910F}.Release|Any CPU.ActiveCfg = Release|Any CPU
		{00B76D22-B82F-43FD-AC48-4B1F56E6910F}.Release|Any CPU.Build.0 = Release|Any CPU
		{56C09DE7-E23D-4589-968A-5F1E790442E6}.Debug|Any CPU.ActiveCfg = Debug|Any CPU
		{56C09DE7-E23D-4589-968A-5F1E790442E6}.Debug|Any CPU.Build.0 = Debug|Any CPU
		{56C09DE7-E23D-4589-968A-5F1E790442E6}.Release|Any CPU.ActiveCfg = Release|Any CPU
		{56C09DE7-E23D-4589-968A-5F1E790442E6}.Release|Any CPU.Build.0 = Release|Any CPU
		{F0685F20-7242-4D30-A857-3950B19D0689}.Debug|Any CPU.ActiveCfg = Debug|Any CPU
		{F0685F20-7242-4D30-A857-3950B19D0689}.Debug|Any CPU.Build.0 = Debug|Any CPU
		{F0685F20-7242-4D30-A857-3950B19D0689}.Release|Any CPU.ActiveCfg = Release|Any CPU
		{F0685F20-7242-4D30-A857-3950B19D0689}.Release|Any CPU.Build.0 = Release|Any CPU
		{0594A06D-D9FD-4F40-A70A-7EB050039C60}.Debug|Any CPU.ActiveCfg = Debug|Any CPU
		{0594A06D-D9FD-4F40-A70A-7EB050039C60}.Debug|Any CPU.Build.0 = Debug|Any CPU
		{0594A06D-D9FD-4F40-A70A-7EB050039C60}.Release|Any CPU.ActiveCfg = Release|Any CPU
		{0594A06D-D9FD-4F40-A70A-7EB050039C60}.Release|Any CPU.Build.0 = Release|Any CPU
		{F746209A-F7F3-43B6-B644-8E36BA287E8C}.Debug|Any CPU.ActiveCfg = Debug|Any CPU
		{F746209A-F7F3-43B6-B644-8E36BA287E8C}.Debug|Any CPU.Build.0 = Debug|Any CPU
		{F746209A-F7F3-43B6-B644-8E36BA287E8C}.Release|Any CPU.ActiveCfg = Release|Any CPU
		{F746209A-F7F3-43B6-B644-8E36BA287E8C}.Release|Any CPU.Build.0 = Release|Any CPU
		{D4C45A56-F726-4B63-B94B-4172AC65F358}.Debug|Any CPU.ActiveCfg = Debug|Any CPU
		{D4C45A56-F726-4B63-B94B-4172AC65F358}.Debug|Any CPU.Build.0 = Debug|Any CPU
		{D4C45A56-F726-4B63-B94B-4172AC65F358}.Release|Any CPU.ActiveCfg = Release|Any CPU
		{D4C45A56-F726-4B63-B94B-4172AC65F358}.Release|Any CPU.Build.0 = Release|Any CPU
		{6576EA69-6270-483C-95E6-F26FB8242DD6}.Debug|Any CPU.ActiveCfg = Debug|Any CPU
		{6576EA69-6270-483C-95E6-F26FB8242DD6}.Debug|Any CPU.Build.0 = Debug|Any CPU
		{6576EA69-6270-483C-95E6-F26FB8242DD6}.Release|Any CPU.ActiveCfg = Release|Any CPU
		{6576EA69-6270-483C-95E6-F26FB8242DD6}.Release|Any CPU.Build.0 = Release|Any CPU
		{B0645987-459C-445B-A5B3-9092F798FD75}.Debug|Any CPU.ActiveCfg = Debug|Any CPU
		{B0645987-459C-445B-A5B3-9092F798FD75}.Debug|Any CPU.Build.0 = Debug|Any CPU
		{B0645987-459C-445B-A5B3-9092F798FD75}.Release|Any CPU.ActiveCfg = Release|Any CPU
		{B0645987-459C-445B-A5B3-9092F798FD75}.Release|Any CPU.Build.0 = Release|Any CPU
		{A6800AD7-53FE-442B-B428-DA0E59EF4EE3}.Debug|Any CPU.ActiveCfg = Debug|Any CPU
		{A6800AD7-53FE-442B-B428-DA0E59EF4EE3}.Debug|Any CPU.Build.0 = Debug|Any CPU
		{A6800AD7-53FE-442B-B428-DA0E59EF4EE3}.Release|Any CPU.ActiveCfg = Release|Any CPU
		{A6800AD7-53FE-442B-B428-DA0E59EF4EE3}.Release|Any CPU.Build.0 = Release|Any CPU
		{3204432D-B6E7-4481-BEB0-8B177AF809C2}.Debug|Any CPU.ActiveCfg = Debug|Any CPU
		{3204432D-B6E7-4481-BEB0-8B177AF809C2}.Debug|Any CPU.Build.0 = Debug|Any CPU
		{3204432D-B6E7-4481-BEB0-8B177AF809C2}.Release|Any CPU.ActiveCfg = Release|Any CPU
		{3204432D-B6E7-4481-BEB0-8B177AF809C2}.Release|Any CPU.Build.0 = Release|Any CPU
		{1BE95B82-BE12-489D-9CDC-0278364FCB88}.Debug|Any CPU.ActiveCfg = Debug|Any CPU
		{1BE95B82-BE12-489D-9CDC-0278364FCB88}.Debug|Any CPU.Build.0 = Debug|Any CPU
		{1BE95B82-BE12-489D-9CDC-0278364FCB88}.Release|Any CPU.ActiveCfg = Release|Any CPU
		{1BE95B82-BE12-489D-9CDC-0278364FCB88}.Release|Any CPU.Build.0 = Release|Any CPU
		{F5F6EB14-2113-42B3-94E3-892E66BC0954}.Debug|Any CPU.ActiveCfg = Debug|Any CPU
		{F5F6EB14-2113-42B3-94E3-892E66BC0954}.Debug|Any CPU.Build.0 = Debug|Any CPU
		{F5F6EB14-2113-42B3-94E3-892E66BC0954}.Release|Any CPU.ActiveCfg = Release|Any CPU
		{F5F6EB14-2113-42B3-94E3-892E66BC0954}.Release|Any CPU.Build.0 = Release|Any CPU
		{F3F7FD73-64F8-417A-89AC-53905E0E0AA0}.Debug|Any CPU.ActiveCfg = Debug|Any CPU
		{F3F7FD73-64F8-417A-89AC-53905E0E0AA0}.Debug|Any CPU.Build.0 = Debug|Any CPU
		{F3F7FD73-64F8-417A-89AC-53905E0E0AA0}.Release|Any CPU.ActiveCfg = Release|Any CPU
		{F3F7FD73-64F8-417A-89AC-53905E0E0AA0}.Release|Any CPU.Build.0 = Release|Any CPU
		{1809AF97-F67C-44A4-A408-4AB58F445A84}.Debug|Any CPU.ActiveCfg = Debug|Any CPU
		{1809AF97-F67C-44A4-A408-4AB58F445A84}.Debug|Any CPU.Build.0 = Debug|Any CPU
		{1809AF97-F67C-44A4-A408-4AB58F445A84}.Release|Any CPU.ActiveCfg = Release|Any CPU
		{1809AF97-F67C-44A4-A408-4AB58F445A84}.Release|Any CPU.Build.0 = Release|Any CPU
		{661A6D2D-7FB3-463F-AFCC-AFF1EAB3F173}.Debug|Any CPU.ActiveCfg = Debug|Any CPU
		{661A6D2D-7FB3-463F-AFCC-AFF1EAB3F173}.Debug|Any CPU.Build.0 = Debug|Any CPU
		{661A6D2D-7FB3-463F-AFCC-AFF1EAB3F173}.Release|Any CPU.ActiveCfg = Release|Any CPU
		{661A6D2D-7FB3-463F-AFCC-AFF1EAB3F173}.Release|Any CPU.Build.0 = Release|Any CPU
	EndGlobalSection
	GlobalSection(SolutionProperties) = preSolution
		HideSolutionNode = FALSE
	EndGlobalSection
	GlobalSection(ExtensibilityGlobals) = postSolution
		SolutionGuid = {97DD5D56-EDF4-49AE-A3FC-AA669E44F2B3}
	EndGlobalSection
EndGlobal
